
Microsoft Visual Studio Solution File, Format Version 12.00
# Visual Studio Version 16
VisualStudioVersion = 16.0.31624.102
MinimumVisualStudioVersion = 10.0.40219.1
Project("{FAE04EC0-301F-11D3-BF4B-00C04F79EFBC}") = "fonksiyon-hesap makinası", "fonksiyon-hesap makinası\fonksiyon-hesap makinası.csproj", "{871755E9-B2E4-417B-80A7-B3BE0AD102B4}"
EndProject
Global
	GlobalSection(SolutionConfigurationPlatforms) = preSolution
		Debug|Any CPU = Debug|Any CPU
		Release|Any CPU = Release|Any CPU
	EndGlobalSection
	GlobalSection(ProjectConfigurationPlatforms) = postSolution
		{871755E9-B2E4-417B-80A7-B3BE0AD102B4}.Debug|Any CPU.ActiveCfg = Debug|Any CPU
		{871755E9-B2E4-417B-80A7-B3BE0AD102B4}.Debug|Any CPU.Build.0 = Debug|Any CPU
		{871755E9-B2E4-417B-80A7-B3BE0AD102B4}.Release|Any CPU.ActiveCfg = Release|Any CPU
		{871755E9-B2E4-417B-80A7-B3BE0AD102B4}.Release|Any CPU.Build.0 = Release|Any CPU
	EndGlobalSection
	GlobalSection(SolutionProperties) = preSolution
		HideSolutionNode = FALSE
	EndGlobalSection
	GlobalSection(ExtensibilityGlobals) = postSolution
		SolutionGuid = {3C41AACA-F857-4AF4-B7E5-148C2F5B7E24}
	EndGlobalSection
EndGlobal
